// !$*UTF8*$!
{
	archiveVersion = 1;
	classes = {
	};
	objectVersion = 55;
	objects = {

/* Begin PBXBuildFile section */
		CD842ECB28AFBA0B0017EB06 /* AppDelegate.swift in Sources */ = {isa = PBXBuildFile; fileRef = CD842ECA28AFBA0B0017EB06 /* AppDelegate.swift */; };
		CD842ECD28AFBA0B0017EB06 /* SceneDelegate.swift in Sources */ = {isa = PBXBuildFile; fileRef = CD842ECC28AFBA0B0017EB06 /* SceneDelegate.swift */; };
		CD842ECF28AFBA0B0017EB06 /* PokemonViewController.swift in Sources */ = {isa = PBXBuildFile; fileRef = CD842ECE28AFBA0B0017EB06 /* PokemonViewController.swift */; };
		CD842ED228AFBA0B0017EB06 /* Main.storyboard in Resources */ = {isa = PBXBuildFile; fileRef = CD842ED028AFBA0B0017EB06 /* Main.storyboard */; };
		CD842ED428AFBA0C0017EB06 /* Assets.xcassets in Resources */ = {isa = PBXBuildFile; fileRef = CD842ED328AFBA0C0017EB06 /* Assets.xcassets */; };
		CD842ED728AFBA0C0017EB06 /* LaunchScreen.storyboard in Resources */ = {isa = PBXBuildFile; fileRef = CD842ED528AFBA0C0017EB06 /* LaunchScreen.storyboard */; };
		CD842EE328AFBBE60017EB06 /* PokiTableViewCell.swift in Sources */ = {isa = PBXBuildFile; fileRef = CD842EE228AFBBE60017EB06 /* PokiTableViewCell.swift */; };
		CD842EE828AFC1BF0017EB06 /* SDWebImage in Frameworks */ = {isa = PBXBuildFile; productRef = CD842EE728AFC1BF0017EB06 /* SDWebImage */; };
		CD842EEA28AFD04D0017EB06 /* Pokemon.swift in Sources */ = {isa = PBXBuildFile; fileRef = CD842EE928AFD04D0017EB06 /* Pokemon.swift */; };
		CD842EEE28B025AE0017EB06 /* intro.mp3 in Resources */ = {isa = PBXBuildFile; fileRef = CD842EED28B025AE0017EB06 /* intro.mp3 */; };
		CD842EF028B0C5E40017EB06 /* PokiDetailViewController.swift in Sources */ = {isa = PBXBuildFile; fileRef = CD842EEF28B0C5E40017EB06 /* PokiDetailViewController.swift */; };
		CD842EF228B0CC850017EB06 /* Sound.swift in Sources */ = {isa = PBXBuildFile; fileRef = CD842EF128B0CC850017EB06 /* Sound.swift */; };
/* End PBXBuildFile section */

/* Begin PBXFileReference section */
		CD842EC728AFBA0B0017EB06 /* PokemonCardList.app */ = {isa = PBXFileReference; explicitFileType = wrapper.application; includeInIndex = 0; path = PokemonCardList.app; sourceTree = BUILT_PRODUCTS_DIR; };
		CD842ECA28AFBA0B0017EB06 /* AppDelegate.swift */ = {isa = PBXFileReference; lastKnownFileType = sourcecode.swift; path = AppDelegate.swift; sourceTree = "<group>"; };
		CD842ECC28AFBA0B0017EB06 /* SceneDelegate.swift */ = {isa = PBXFileReference; lastKnownFileType = sourcecode.swift; path = SceneDelegate.swift; sourceTree = "<group>"; };
		CD842ECE28AFBA0B0017EB06 /* PokemonViewController.swift */ = {isa = PBXFileReference; lastKnownFileType = sourcecode.swift; path = PokemonViewController.swift; sourceTree = "<group>"; };
		CD842ED128AFBA0B0017EB06 /* Base */ = {isa = PBXFileReference; lastKnownFileType = file.storyboard; name = Base; path = Base.lproj/Main.storyboard; sourceTree = "<group>"; };
		CD842ED328AFBA0C0017EB06 /* Assets.xcassets */ = {isa = PBXFileReference; lastKnownFileType = folder.assetcatalog; path = Assets.xcassets; sourceTree = "<group>"; };
		CD842ED628AFBA0C0017EB06 /* Base */ = {isa = PBXFileReference; lastKnownFileType = file.storyboard; name = Base; path = Base.lproj/LaunchScreen.storyboard; sourceTree = "<group>"; };
		CD842ED828AFBA0C0017EB06 /* Info.plist */ = {isa = PBXFileReference; lastKnownFileType = text.plist.xml; path = Info.plist; sourceTree = "<group>"; };
		CD842EE228AFBBE60017EB06 /* PokiTableViewCell.swift */ = {isa = PBXFileReference; lastKnownFileType = sourcecode.swift; path = PokiTableViewCell.swift; sourceTree = "<group>"; };
		CD842EE928AFD04D0017EB06 /* Pokemon.swift */ = {isa = PBXFileReference; lastKnownFileType = sourcecode.swift; path = Pokemon.swift; sourceTree = "<group>"; };
		CD842EED28B025AE0017EB06 /* intro.mp3 */ = {isa = PBXFileReference; lastKnownFileType = audio.mp3; path = intro.mp3; sourceTree = "<group>"; };
		CD842EEF28B0C5E40017EB06 /* PokiDetailViewController.swift */ = {isa = PBXFileReference; lastKnownFileType = sourcecode.swift; path = PokiDetailViewController.swift; sourceTree = "<group>"; };
		CD842EF128B0CC850017EB06 /* Sound.swift */ = {isa = PBXFileReference; lastKnownFileType = sourcecode.swift; path = Sound.swift; sourceTree = "<group>"; };
/* End PBXFileReference section */

/* Begin PBXFrameworksBuildPhase section */
		CD842EC428AFBA0B0017EB06 /* Frameworks */ = {
			isa = PBXFrameworksBuildPhase;
			buildActionMask = 2147483647;
			files = (
				CD842EE828AFC1BF0017EB06 /* SDWebImage in Frameworks */,
			);
			runOnlyForDeploymentPostprocessing = 0;
		};
/* End PBXFrameworksBuildPhase section */

/* Begin PBXGroup section */
		CD842EBE28AFBA0B0017EB06 = {
			isa = PBXGroup;
			children = (
				CD842EC928AFBA0B0017EB06 /* PokemonCardList */,
				CD842EC828AFBA0B0017EB06 /* Products */,
			);
			sourceTree = "<group>";
		};
		CD842EC828AFBA0B0017EB06 /* Products */ = {
			isa = PBXGroup;
			children = (
				CD842EC728AFBA0B0017EB06 /* PokemonCardList.app */,
			);
			name = Products;
			sourceTree = "<group>";
		};
		CD842EC928AFBA0B0017EB06 /* PokemonCardList */ = {
			isa = PBXGroup;
			children = (
				CD842EDF28AFBA1F0017EB06 /* View */,
				CD842EDE28AFBA130017EB06 /* AppDelegate */,
				CD842EE128AFBA3A0017EB06 /* Model */,
				CD842EE028AFBA250017EB06 /* Controller */,
				CD842ED328AFBA0C0017EB06 /* Assets.xcassets */,
				CD842ED828AFBA0C0017EB06 /* Info.plist */,
				CD842EED28B025AE0017EB06 /* intro.mp3 */,
			);
			path = PokemonCardList;
			sourceTree = "<group>";
		};
		CD842EDE28AFBA130017EB06 /* AppDelegate */ = {
			isa = PBXGroup;
			children = (
				CD842ECA28AFBA0B0017EB06 /* AppDelegate.swift */,
				CD842ECC28AFBA0B0017EB06 /* SceneDelegate.swift */,
			);
			path = AppDelegate;
			sourceTree = "<group>";
		};
		CD842EDF28AFBA1F0017EB06 /* View */ = {
			isa = PBXGroup;
			children = (
				CD842ED028AFBA0B0017EB06 /* Main.storyboard */,
				CD842ED528AFBA0C0017EB06 /* LaunchScreen.storyboard */,
			);
			path = View;
			sourceTree = "<group>";
		};
		CD842EE028AFBA250017EB06 /* Controller */ = {
			isa = PBXGroup;
			children = (
				CD842ECE28AFBA0B0017EB06 /* PokemonViewController.swift */,
				CD842EE228AFBBE60017EB06 /* PokiTableViewCell.swift */,
				CD842EEF28B0C5E40017EB06 /* PokiDetailViewController.swift */,
			);
			path = Controller;
			sourceTree = "<group>";
		};
		CD842EE128AFBA3A0017EB06 /* Model */ = {
			isa = PBXGroup;
			children = (
				CD842EE928AFD04D0017EB06 /* Pokemon.swift */,
				CD842EF128B0CC850017EB06 /* Sound.swift */,
			);
			path = Model;
			sourceTree = "<group>";
		};
/* End PBXGroup section */

/* Begin PBXNativeTarget section */
		CD842EC628AFBA0B0017EB06 /* PokemonCardList */ = {
			isa = PBXNativeTarget;
			buildConfigurationList = CD842EDB28AFBA0C0017EB06 /* Build configuration list for PBXNativeTarget "PokemonCardList" */;
			buildPhases = (
				CD842EC328AFBA0B0017EB06 /* Sources */,
				CD842EC428AFBA0B0017EB06 /* Frameworks */,
				CD842EC528AFBA0B0017EB06 /* Resources */,
			);
			buildRules = (
			);
			dependencies = (
			);
			name = PokemonCardList;
			packageProductDependencies = (
				CD842EE728AFC1BF0017EB06 /* SDWebImage */,
			);
			productName = PokemonCardList;
			productReference = CD842EC728AFBA0B0017EB06 /* PokemonCardList.app */;
			productType = "com.apple.product-type.application";
		};
/* End PBXNativeTarget section */

/* Begin PBXProject section */
		CD842EBF28AFBA0B0017EB06 /* Project object */ = {
			isa = PBXProject;
			attributes = {
				BuildIndependentTargetsInParallel = 1;
				LastSwiftUpdateCheck = 1340;
				LastUpgradeCheck = 1340;
				TargetAttributes = {
					CD842EC628AFBA0B0017EB06 = {
						CreatedOnToolsVersion = 13.4.1;
					};
				};
			};
			buildConfigurationList = CD842EC228AFBA0B0017EB06 /* Build configuration list for PBXProject "PokemonCardList" */;
			compatibilityVersion = "Xcode 13.0";
			developmentRegion = en;
			hasScannedForEncodings = 0;
			knownRegions = (
				en,
				Base,
			);
			mainGroup = CD842EBE28AFBA0B0017EB06;
			packageReferences = (
				CD842EE628AFC1BF0017EB06 /* XCRemoteSwiftPackageReference "SDWebImage" */,
			);
			productRefGroup = CD842EC828AFBA0B0017EB06 /* Products */;
			projectDirPath = "";
			projectRoot = "";
			targets = (
				CD842EC628AFBA0B0017EB06 /* PokemonCardList */,
			);
		};
/* End PBXProject section */

/* Begin PBXResourcesBuildPhase section */
		CD842EC528AFBA0B0017EB06 /* Resources */ = {
			isa = PBXResourcesBuildPhase;
			buildActionMask = 2147483647;
			files = (
				CD842ED728AFBA0C0017EB06 /* LaunchScreen.storyboard in Resources */,
				CD842ED428AFBA0C0017EB06 /* Assets.xcassets in Resources */,
				CD842ED228AFBA0B0017EB06 /* Main.storyboard in Resources */,
				CD842EEE28B025AE0017EB06 /* intro.mp3 in Resources */,
			);
			runOnlyForDeploymentPostprocessing = 0;
		};
/* End PBXResourcesBuildPhase section */

/* Begin PBXSourcesBuildPhase section */
		CD842EC328AFBA0B0017EB06 /* Sources */ = {
			isa = PBXSourcesBuildPhase;
			buildActionMask = 2147483647;
			files = (
				CD842EF228B0CC850017EB06 /* Sound.swift in Sources */,
				CD842EE328AFBBE60017EB06 /* PokiTableViewCell.swift in Sources */,
				CD842ECF28AFBA0B0017EB06 /* PokemonViewController.swift in Sources */,
				CD842EF028B0C5E40017EB06 /* PokiDetailViewController.swift in Sources */,
				CD842ECB28AFBA0B0017EB06 /* AppDelegate.swift in Sources */,
				CD842ECD28AFBA0B0017EB06 /* SceneDelegate.swift in Sources */,
				CD842EEA28AFD04D0017EB06 /* Pokemon.swift in Sources */,
			);
			runOnlyForDeploymentPostprocessing = 0;
		};
/* End PBXSourcesBuildPhase section */

/* Begin PBXVariantGroup section */
		CD842ED028AFBA0B0017EB06 /* Main.storyboard */ = {
			isa = PBXVariantGroup;
			children = (
				CD842ED128AFBA0B0017EB06 /* Base */,
			);
			name = Main.storyboard;
			sourceTree = "<group>";
		};
		CD842ED528AFBA0C0017EB06 /* LaunchScreen.storyboard */ = {
			isa = PBXVariantGroup;
			children = (
				CD842ED628AFBA0C0017EB06 /* Base */,
			);
			name = LaunchScreen.storyboard;
			sourceTree = "<group>";
		};
/* End PBXVariantGroup section */

/* Begin XCBuildConfiguration section */
		CD842ED928AFBA0C0017EB06 /* Debug */ = {
			isa = XCBuildConfiguration;
			buildSettings = {
				ALWAYS_SEARCH_USER_PATHS = NO;
				CLANG_ANALYZER_NONNULL = YES;
				CLANG_ANALYZER_NUMBER_OBJECT_CONVERSION = YES_AGGRESSIVE;
				CLANG_CXX_LANGUAGE_STANDARD = "gnu++17";
				CLANG_ENABLE_MODULES = YES;
				CLANG_ENABLE_OBJC_ARC = YES;
				CLANG_ENABLE_OBJC_WEAK = YES;
				CLANG_WARN_BLOCK_CAPTURE_AUTORELEASING = YES;
				CLANG_WARN_BOOL_CONVERSION = YES;
				CLANG_WARN_COMMA = YES;
				CLANG_WARN_CONSTANT_CONVERSION = YES;
				CLANG_WARN_DEPRECATED_OBJC_IMPLEMENTATIONS = YES;
				CLANG_WARN_DIRECT_OBJC_ISA_USAGE = YES_ERROR;
				CLANG_WARN_DOCUMENTATION_COMMENTS = YES;
				CLANG_WARN_EMPTY_BODY = YES;
				CLANG_WARN_ENUM_CONVERSION = YES;
				CLANG_WARN_INFINITE_RECURSION = YES;
				CLANG_WARN_INT_CONVERSION = YES;
				CLANG_WARN_NON_LITERAL_NULL_CONVERSION = YES;
				CLANG_WARN_OBJC_IMPLICIT_RETAIN_SELF = YES;
				CLANG_WARN_OBJC_LITERAL_CONVERSION = YES;
				CLANG_WARN_OBJC_ROOT_CLASS = YES_ERROR;
				CLANG_WARN_QUOTED_INCLUDE_IN_FRAMEWORK_HEADER = YES;
				CLANG_WARN_RANGE_LOOP_ANALYSIS = YES;
				CLANG_WARN_STRICT_PROTOTYPES = YES;
				CLANG_WARN_SUSPICIOUS_MOVE = YES;
				CLANG_WARN_UNGUARDED_AVAILABILITY = YES_AGGRESSIVE;
				CLANG_WARN_UNREACHABLE_CODE = YES;
				CLANG_WARN__DUPLICATE_METHOD_MATCH = YES;
				COPY_PHASE_STRIP = NO;
				DEBUG_INFORMATION_FORMAT = dwarf;
				ENABLE_STRICT_OBJC_MSGSEND = YES;
				ENABLE_TESTABILITY = YES;
				GCC_C_LANGUAGE_STANDARD = gnu11;
				GCC_DYNAMIC_NO_PIC = NO;
				GCC_NO_COMMON_BLOCKS = YES;
				GCC_OPTIMIZATION_LEVEL = 0;
				GCC_PREPROCESSOR_DEFINITIONS = (
					"DEBUG=1",
					"$(inherited)",
				);
				GCC_WARN_64_TO_32_BIT_CONVERSION = YES;
				GCC_WARN_ABOUT_RETURN_TYPE = YES_ERROR;
				GCC_WARN_UNDECLARED_SELECTOR = YES;
				GCC_WARN_UNINITIALIZED_AUTOS = YES_AGGRESSIVE;
				GCC_WARN_UNUSED_FUNCTION = YES;
				GCC_WARN_UNUSED_VARIABLE = YES;
				IPHONEOS_DEPLOYMENT_TARGET = 15.5;
				MTL_ENABLE_DEBUG_INFO = INCLUDE_SOURCE;
				MTL_FAST_MATH = YES;
				ONLY_ACTIVE_ARCH = YES;
				SDKROOT = iphoneos;
				SWIFT_ACTIVE_COMPILATION_CONDITIONS = DEBUG;
				SWIFT_OPTIMIZATION_LEVEL = "-Onone";
			};
			name = Debug;
		};
		CD842EDA28AFBA0C0017EB06 /* Release */ = {
			isa = XCBuildConfiguration;
			buildSettings = {
				ALWAYS_SEARCH_USER_PATHS = NO;
				CLANG_ANALYZER_NONNULL = YES;
				CLANG_ANALYZER_NUMBER_OBJECT_CONVERSION = YES_AGGRESSIVE;
				CLANG_CXX_LANGUAGE_STANDARD = "gnu++17";
				CLANG_ENABLE_MODULES = YES;
				CLANG_ENABLE_OBJC_ARC = YES;
				CLANG_ENABLE_OBJC_WEAK = YES;
				CLANG_WARN_BLOCK_CAPTURE_AUTORELEASING = YES;
				CLANG_WARN_BOOL_CONVERSION = YES;
				CLANG_WARN_COMMA = YES;
				CLANG_WARN_CONSTANT_CONVERSION = YES;
				CLANG_WARN_DEPRECATED_OBJC_IMPLEMENTATIONS = YES;
				CLANG_WARN_DIRECT_OBJC_ISA_USAGE = YES_ERROR;
				CLANG_WARN_DOCUMENTATION_COMMENTS = YES;
				CLANG_WARN_EMPTY_BODY = YES;
				CLANG_WARN_ENUM_CONVERSION = YES;
				CLANG_WARN_INFINITE_RECURSION = YES;
				CLANG_WARN_INT_CONVERSION = YES;
				CLANG_WARN_NON_LITERAL_NULL_CONVERSION = YES;
				CLANG_WARN_OBJC_IMPLICIT_RETAIN_SELF = YES;
				CLANG_WARN_OBJC_LITERAL_CONVERSION = YES;
				CLANG_WARN_OBJC_ROOT_CLASS = YES_ERROR;
				CLANG_WARN_QUOTED_INCLUDE_IN_FRAMEWORK_HEADER = YES;
				CLANG_WARN_RANGE_LOOP_ANALYSIS = YES;
				CLANG_WARN_STRICT_PROTOTYPES = YES;
				CLANG_WARN_SUSPICIOUS_MOVE = YES;
				CLANG_WARN_UNGUARDED_AVAILABILITY = YES_AGGRESSIVE;
				CLANG_WARN_UNREACHABLE_CODE = YES;
				CLANG_WARN__DUPLICATE_METHOD_MATCH = YES;
				COPY_PHASE_STRIP = NO;
				DEBUG_INFORMATION_FORMAT = "dwarf-with-dsym";
				ENABLE_NS_ASSERTIONS = NO;
				ENABLE_STRICT_OBJC_MSGSEND = YES;
				GCC_C_LANGUAGE_STANDARD = gnu11;
				GCC_NO_COMMON_BLOCKS = YES;
				GCC_WARN_64_TO_32_BIT_CONVERSION = YES;
				GCC_WARN_ABOUT_RETURN_TYPE = YES_ERROR;
				GCC_WARN_UNDECLARED_SELECTOR = YES;
				GCC_WARN_UNINITIALIZED_AUTOS = YES_AGGRESSIVE;
				GCC_WARN_UNUSED_FUNCTION = YES;
				GCC_WARN_UNUSED_VARIABLE = YES;
				IPHONEOS_DEPLOYMENT_TARGET = 15.5;
				MTL_ENABLE_DEBUG_INFO = NO;
				MTL_FAST_MATH = YES;
				SDKROOT = iphoneos;
				SWIFT_COMPILATION_MODE = wholemodule;
				SWIFT_OPTIMIZATION_LEVEL = "-O";
				VALIDATE_PRODUCT = YES;
			};
			name = Release;
		};
		CD842EDC28AFBA0C0017EB06 /* Debug */ = {
			isa = XCBuildConfiguration;
			buildSettings = {
				ASSETCATALOG_COMPILER_APPICON_NAME = AppIcon;
				ASSETCATALOG_COMPILER_GLOBAL_ACCENT_COLOR_NAME = AccentColor;
				CODE_SIGN_STYLE = Automatic;
				CURRENT_PROJECT_VERSION = 1;
				DEVELOPMENT_TEAM = SH7598WJ8A;
				GENERATE_INFOPLIST_FILE = YES;
				INFOPLIST_FILE = PokemonCardList/Info.plist;
				INFOPLIST_KEY_UIApplicationSupportsIndirectInputEvents = YES;
				INFOPLIST_KEY_UILaunchStoryboardName = LaunchScreen;
				INFOPLIST_KEY_UIMainStoryboardFile = Main;
				INFOPLIST_KEY_UISupportedInterfaceOrientations_iPad = "UIInterfaceOrientationPortrait UIInterfaceOrientationPortraitUpsideDown UIInterfaceOrientationLandscapeLeft UIInterfaceOrientationLandscapeRight";
				INFOPLIST_KEY_UISupportedInterfaceOrientations_iPhone = "UIInterfaceOrientationPortrait UIInterfaceOrientationLandscapeLeft UIInterfaceOrientationLandscapeRight";
				LD_RUNPATH_SEARCH_PATHS = (
					"$(inherited)",
					"@executable_path/Frameworks",
				);
				MARKETING_VERSION = 1.0;
				PRODUCT_BUNDLE_IDENTIFIER = com.bobbert.PokemonCardList;
				PRODUCT_NAME = "$(TARGET_NAME)";
				SWIFT_EMIT_LOC_STRINGS = YES;
				SWIFT_VERSION = 5.0;
				TARGETED_DEVICE_FAMILY = "1,2";
			};
			name = Debug;
		};
		CD842EDD28AFBA0C0017EB06 /* Release */ = {
			isa = XCBuildConfiguration;
			buildSettings = {
				ASSETCATALOG_COMPILER_APPICON_NAME = AppIcon;
				ASSETCATALOG_COMPILER_GLOBAL_ACCENT_COLOR_NAME = AccentColor;
				CODE_SIGN_STYLE = Automatic;
				CURRENT_PROJECT_VERSION = 1;
				DEVELOPMENT_TEAM = SH7598WJ8A;
				GENERATE_INFOPLIST_FILE = YES;
				INFOPLIST_FILE = PokemonCardList/Info.plist;
				INFOPLIST_KEY_UIApplicationSupportsIndirectInputEvents = YES;
				INFOPLIST_KEY_UILaunchStoryboardName = LaunchScreen;
				INFOPLIST_KEY_UIMainStoryboardFile = Main;
				INFOPLIST_KEY_UISupportedInterfaceOrientations_iPad = "UIInterfaceOrientationPortrait UIInterfaceOrientationPortraitUpsideDown UIInterfaceOrientationLandscapeLeft UIInterfaceOrientationLandscapeRight";
				INFOPLIST_KEY_UISupportedInterfaceOrientations_iPhone = "UIInterfaceOrientationPortrait UIInterfaceOrientationLandscapeLeft UIInterfaceOrientationLandscapeRight";
				LD_RUNPATH_SEARCH_PATHS = (
					"$(inherited)",
					"@executable_path/Frameworks",
				);
				MARKETING_VERSION = 1.0;
				PRODUCT_BUNDLE_IDENTIFIER = com.bobbert.PokemonCardList;
				PRODUCT_NAME = "$(TARGET_NAME)";
				SWIFT_EMIT_LOC_STRINGS = YES;
				SWIFT_VERSION = 5.0;
				TARGETED_DEVICE_FAMILY = "1,2";
			};
			name = Release;
		};
/* End XCBuildConfiguration section */

/* Begin XCConfigurationList section */
		CD842EC228AFBA0B0017EB06 /* Build configuration list for PBXProject "PokemonCardList" */ = {
			isa = XCConfigurationList;
			buildConfigurations = (
				CD842ED928AFBA0C0017EB06 /* Debug */,
				CD842EDA28AFBA0C0017EB06 /* Release */,
			);
			defaultConfigurationIsVisible = 0;
			defaultConfigurationName = Release;
		};
		CD842EDB28AFBA0C0017EB06 /* Build configuration list for PBXNativeTarget "PokemonCardList" */ = {
			isa = XCConfigurationList;
			buildConfigurations = (
				CD842EDC28AFBA0C0017EB06 /* Debug */,
				CD842EDD28AFBA0C0017EB06 /* Release */,
			);
			defaultConfigurationIsVisible = 0;
			defaultConfigurationName = Release;
		};
/* End XCConfigurationList section */

/* Begin XCRemoteSwiftPackageReference section */
		CD842EE628AFC1BF0017EB06 /* XCRemoteSwiftPackageReference "SDWebImage" */ = {
			isa = XCRemoteSwiftPackageReference;
			repositoryURL = "https://github.com/SDWebImage/SDWebImage.git";
			requirement = {
				kind = upToNextMajorVersion;
				minimumVersion = 5.0.0;
			};
		};
/* End XCRemoteSwiftPackageReference section */

/* Begin XCSwiftPackageProductDependency section */
		CD842EE728AFC1BF0017EB06 /* SDWebImage */ = {
			isa = XCSwiftPackageProductDependency;
			package = CD842EE628AFC1BF0017EB06 /* XCRemoteSwiftPackageReference "SDWebImage" */;
			productName = SDWebImage;
		};
/* End XCSwiftPackageProductDependency section */
	};
	rootObject = CD842EBF28AFBA0B0017EB06 /* Project object */;
}
